# This file is automatically @generated by Cargo.
# It is not intended for manual editing.
version = 3

[[package]]
name = "dissimilar"
version = "1.0.4"
source = "registry+https://github.com/rust-lang/crates.io-index"
checksum = "8c97b9233581d84b8e1e689cdd3a47b6f69770084fc246e86a7f78b0d9c1d4a5"

[[package]]
name = "ld4-expect"
version = "0.1.0"
dependencies = [
 "dissimilar",
 "once_cell",
]

[[package]]
name = "once_cell"
version = "1.17.1"
source = "registry+https://github.com/rust-lang/crates.io-index"
checksum = "b7e5500299e16ebb147ae15a00a942af264cf3688f47923b8fc2cd5858f23ad3"
